
Microsoft Visual Studio Solution File, Format Version 12.00
Project("{FAE04EC0-301F-11D3-BF4B-00C04F79EFBC}") = "GeaNamesDbBuilder", "GeaNamesDbBuilder\GeaNamesDbBuilder.csproj", "{797097B3-0F95-42C8-AD28-A6A1147C0F9E}"
EndProject
Global
	GlobalSection(SolutionConfigurationPlatforms) = preSolution
		Debug|Any CPU = Debug|Any CPU
		Release|Any CPU = Release|Any CPU
	EndGlobalSection
	GlobalSection(ProjectConfigurationPlatforms) = postSolution
		{797097B3-0F95-42C8-AD28-A6A1147C0F9E}.Debug|Any CPU.ActiveCfg = Debug|Any CPU
		{797097B3-0F95-42C8-AD28-A6A1147C0F9E}.Debug|Any CPU.Build.0 = Debug|Any CPU
		{797097B3-0F95-42C8-AD28-A6A1147C0F9E}.Release|Any CPU.ActiveCfg = Release|Any CPU
		{797097B3-0F95-42C8-AD28-A6A1147C0F9E}.Release|Any CPU.Build.0 = Release|Any CPU
	EndGlobalSection
EndGlobal
